// !$*UTF8*$!
{
	archiveVersion = 1;
	classes = {
	};
	objectVersion = 46;
	objects = {

/* Begin PBXBuildFile section */
		EE8189EA18BCEA7E00D1E99D /* CWAppDelegate.m in Sources */ = {isa = PBXBuildFile; fileRef = EE8189E018BCEA7E00D1E99D /* CWAppDelegate.m */; };
		EE8189EB18BCEA7E00D1E99D /* CWTestScene.m in Sources */ = {isa = PBXBuildFile; fileRef = EE8189E218BCEA7E00D1E99D /* CWTestScene.m */; };
		EE8189EC18BCEA7E00D1E99D /* CWTestViewController.m in Sources */ = {isa = PBXBuildFile; fileRef = EE8189E418BCEA7E00D1E99D /* CWTestViewController.m */; };
		EE8189ED18BCEA7E00D1E99D /* Images.xcassets in Resources */ = {isa = PBXBuildFile; fileRef = EE8189E518BCEA7E00D1E99D /* Images.xcassets */; };
		EE8189EE18BCEA7E00D1E99D /* InfoPlist.strings in Resources */ = {isa = PBXBuildFile; fileRef = EE8189E618BCEA7E00D1E99D /* InfoPlist.strings */; };
		EE8189EF18BCEA7E00D1E99D /* main.m in Sources */ = {isa = PBXBuildFile; fileRef = EE8189E718BCEA7E00D1E99D /* main.m */; };
		EE8189F018BCEA7E00D1E99D /* sprite@2x.png in Resources */ = {isa = PBXBuildFile; fileRef = EE8189E818BCEA7E00D1E99D /* sprite@2x.png */; };
		EE818AF918BCEB9F00D1E99D /* CMWrapper+SpriteKit.m in Sources */ = {isa = PBXBuildFile; fileRef = EE818AC718BCEB9F00D1E99D /* CMWrapper+SpriteKit.m */; };
		EE818AFA18BCEB9F00D1E99D /* CMArbiter.m in Sources */ = {isa = PBXBuildFile; fileRef = EE818ACA18BCEB9F00D1E99D /* CMArbiter.m */; };
		EE818AFB18BCEB9F00D1E99D /* CMBaseObject.m in Sources */ = {isa = PBXBuildFile; fileRef = EE818ACC18BCEB9F00D1E99D /* CMBaseObject.m */; };
		EE818AFC18BCEB9F00D1E99D /* CMBody.m in Sources */ = {isa = PBXBuildFile; fileRef = EE818ACE18BCEB9F00D1E99D /* CMBody.m */; };
		EE818AFD18BCEB9F00D1E99D /* CMObject.m in Sources */ = {isa = PBXBuildFile; fileRef = EE818AD018BCEB9F00D1E99D /* CMObject.m */; };
		EE818AFE18BCEB9F00D1E99D /* CMSpace.m in Sources */ = {isa = PBXBuildFile; fileRef = EE818AD218BCEB9F00D1E99D /* CMSpace.m */; };
		EE818AFF18BCEB9F00D1E99D /* CMConstraint.m in Sources */ = {isa = PBXBuildFile; fileRef = EE818AD518BCEB9F00D1E99D /* CMConstraint.m */; };
		EE818B0018BCEB9F00D1E99D /* CMDampedRotarySpring.m in Sources */ = {isa = PBXBuildFile; fileRef = EE818AD718BCEB9F00D1E99D /* CMDampedRotarySpring.m */; };
		EE818B0118BCEB9F00D1E99D /* CMDampedSpring.m in Sources */ = {isa = PBXBuildFile; fileRef = EE818AD918BCEB9F00D1E99D /* CMDampedSpring.m */; };
		EE818B0218BCEB9F00D1E99D /* CMGearJoint.m in Sources */ = {isa = PBXBuildFile; fileRef = EE818ADB18BCEB9F00D1E99D /* CMGearJoint.m */; };
		EE818B0318BCEB9F00D1E99D /* CMGrooveJoint.m in Sources */ = {isa = PBXBuildFile; fileRef = EE818ADD18BCEB9F00D1E99D /* CMGrooveJoint.m */; };
		EE818B0418BCEB9F00D1E99D /* CMPinJoint.m in Sources */ = {isa = PBXBuildFile; fileRef = EE818ADF18BCEB9F00D1E99D /* CMPinJoint.m */; };
		EE818B0518BCEB9F00D1E99D /* CMPivotJoint.m in Sources */ = {isa = PBXBuildFile; fileRef = EE818AE118BCEB9F00D1E99D /* CMPivotJoint.m */; };
		EE818B0618BCEB9F00D1E99D /* CMRatchetJoint.m in Sources */ = {isa = PBXBuildFile; fileRef = EE818AE318BCEB9F00D1E99D /* CMRatchetJoint.m */; };
		EE818B0718BCEB9F00D1E99D /* CMRotaryLimitJoint.m in Sources */ = {isa = PBXBuildFile; fileRef = EE818AE518BCEB9F00D1E99D /* CMRotaryLimitJoint.m */; };
		EE818B0818BCEB9F00D1E99D /* CMSimpleMotor.m in Sources */ = {isa = PBXBuildFile; fileRef = EE818AE718BCEB9F00D1E99D /* CMSimpleMotor.m */; };
		EE818B0918BCEB9F00D1E99D /* CMSlideJoint.m in Sources */ = {isa = PBXBuildFile; fileRef = EE818AE918BCEB9F00D1E99D /* CMSlideJoint.m */; };
		EE818B0A18BCEB9F00D1E99D /* CMNearestPointQueryInfo.m in Sources */ = {isa = PBXBuildFile; fileRef = EE818AEC18BCEB9F00D1E99D /* CMNearestPointQueryInfo.m */; };
		EE818B0B18BCEB9F00D1E99D /* CMSegmentQueryInfo.m in Sources */ = {isa = PBXBuildFile; fileRef = EE818AEE18BCEB9F00D1E99D /* CMSegmentQueryInfo.m */; };
		EE818B0C18BCEB9F00D1E99D /* CMShapeQueryInfo.m in Sources */ = {isa = PBXBuildFile; fileRef = EE818AF018BCEB9F00D1E99D /* CMShapeQueryInfo.m */; };
		EE818B0D18BCEB9F00D1E99D /* CMBoxShape.m in Sources */ = {isa = PBXBuildFile; fileRef = EE818AF318BCEB9F00D1E99D /* CMBoxShape.m */; };
		EE818B0E18BCEB9F00D1E99D /* CMCircleShape.m in Sources */ = {isa = PBXBuildFile; fileRef = EE818AF518BCEB9F00D1E99D /* CMCircleShape.m */; };
		EE818B0F18BCEB9F00D1E99D /* CMShape.m in Sources */ = {isa = PBXBuildFile; fileRef = EE818AF718BCEB9F00D1E99D /* CMShape.m */; };
		EE88DEDC18BCC78800BD9090 /* Foundation.framework in Frameworks */ = {isa = PBXBuildFile; fileRef = EE88DEDB18BCC78800BD9090 /* Foundation.framework */; };
		EE88DEDE18BCC78800BD9090 /* CoreGraphics.framework in Frameworks */ = {isa = PBXBuildFile; fileRef = EE88DEDD18BCC78800BD9090 /* CoreGraphics.framework */; };
		EE88DEE018BCC78800BD9090 /* UIKit.framework in Frameworks */ = {isa = PBXBuildFile; fileRef = EE88DEDF18BCC78800BD9090 /* UIKit.framework */; };
		EE88DEF518BCC78800BD9090 /* XCTest.framework in Frameworks */ = {isa = PBXBuildFile; fileRef = EE88DEF418BCC78800BD9090 /* XCTest.framework */; };
		EE88DEF618BCC78800BD9090 /* Foundation.framework in Frameworks */ = {isa = PBXBuildFile; fileRef = EE88DEDB18BCC78800BD9090 /* Foundation.framework */; };
		EE88DEF718BCC78800BD9090 /* UIKit.framework in Frameworks */ = {isa = PBXBuildFile; fileRef = EE88DEDF18BCC78800BD9090 /* UIKit.framework */; };
		EE88DF6218BCC90000BD9090 /* SpriteKit.framework in Frameworks */ = {isa = PBXBuildFile; fileRef = EE88DF6118BCC90000BD9090 /* SpriteKit.framework */; };
		EECD92BE18C0B08E00D154D6 /* libChipmunk-iPhone.a in Frameworks */ = {isa = PBXBuildFile; fileRef = EECD92BD18C0B08E00D154D6 /* libChipmunk-iPhone.a */; };
/* End PBXBuildFile section */

/* Begin PBXContainerItemProxy section */
		EE88DEF818BCC78800BD9090 /* PBXContainerItemProxy */ = {
			isa = PBXContainerItemProxy;
			containerPortal = EE88DED018BCC78800BD9090 /* Project object */;
			proxyType = 1;
			remoteGlobalIDString = EE88DED718BCC78800BD9090;
			remoteInfo = ChipmunkWrapper;
		};
/* End PBXContainerItemProxy section */

/* Begin PBXFileReference section */
		EE8189DD18BCEA7E00D1E99D /* ChipmunkWrapper-Info.plist */ = {isa = PBXFileReference; fileEncoding = 4; lastKnownFileType = text.plist.xml; path = "ChipmunkWrapper-Info.plist"; sourceTree = "<group>"; };
		EE8189DE18BCEA7E00D1E99D /* ChipmunkWrapper-Prefix.pch */ = {isa = PBXFileReference; fileEncoding = 4; lastKnownFileType = sourcecode.c.h; path = "ChipmunkWrapper-Prefix.pch"; sourceTree = "<group>"; };
		EE8189DF18BCEA7E00D1E99D /* CWAppDelegate.h */ = {isa = PBXFileReference; fileEncoding = 4; lastKnownFileType = sourcecode.c.h; path = CWAppDelegate.h; sourceTree = "<group>"; };
		EE8189E018BCEA7E00D1E99D /* CWAppDelegate.m */ = {isa = PBXFileReference; fileEncoding = 4; lastKnownFileType = sourcecode.c.objc; path = CWAppDelegate.m; sourceTree = "<group>"; };
		EE8189E118BCEA7E00D1E99D /* CWTestScene.h */ = {isa = PBXFileReference; fileEncoding = 4; lastKnownFileType = sourcecode.c.h; path = CWTestScene.h; sourceTree = "<group>"; };
		EE8189E218BCEA7E00D1E99D /* CWTestScene.m */ = {isa = PBXFileReference; fileEncoding = 4; lastKnownFileType = sourcecode.c.objc; path = CWTestScene.m; sourceTree = "<group>"; };
		EE8189E318BCEA7E00D1E99D /* CWTestViewController.h */ = {isa = PBXFileReference; fileEncoding = 4; lastKnownFileType = sourcecode.c.h; path = CWTestViewController.h; sourceTree = "<group>"; };
		EE8189E418BCEA7E00D1E99D /* CWTestViewController.m */ = {isa = PBXFileReference; fileEncoding = 4; lastKnownFileType = sourcecode.c.objc; path = CWTestViewController.m; sourceTree = "<group>"; };
		EE8189E518BCEA7E00D1E99D /* Images.xcassets */ = {isa = PBXFileReference; lastKnownFileType = folder.assetcatalog; path = Images.xcassets; sourceTree = "<group>"; };
		EE8189E618BCEA7E00D1E99D /* InfoPlist.strings */ = {isa = PBXFileReference; fileEncoding = 4; lastKnownFileType = text.plist.strings; path = InfoPlist.strings; sourceTree = "<group>"; };
		EE8189E718BCEA7E00D1E99D /* main.m */ = {isa = PBXFileReference; fileEncoding = 4; lastKnownFileType = sourcecode.c.objc; path = main.m; sourceTree = "<group>"; };
		EE8189E818BCEA7E00D1E99D /* sprite@2x.png */ = {isa = PBXFileReference; lastKnownFileType = image.png; path = "sprite@2x.png"; sourceTree = "<group>"; };
		EE818AC618BCEB9F00D1E99D /* CMWrapper+SpriteKit.h */ = {isa = PBXFileReference; fileEncoding = 4; lastKnownFileType = sourcecode.c.h; path = "CMWrapper+SpriteKit.h"; sourceTree = "<group>"; };
		EE818AC718BCEB9F00D1E99D /* CMWrapper+SpriteKit.m */ = {isa = PBXFileReference; fileEncoding = 4; lastKnownFileType = sourcecode.c.objc; path = "CMWrapper+SpriteKit.m"; sourceTree = "<group>"; };
		EE818AC918BCEB9F00D1E99D /* CMArbiter.h */ = {isa = PBXFileReference; fileEncoding = 4; lastKnownFileType = sourcecode.c.h; path = CMArbiter.h; sourceTree = "<group>"; };
		EE818ACA18BCEB9F00D1E99D /* CMArbiter.m */ = {isa = PBXFileReference; fileEncoding = 4; lastKnownFileType = sourcecode.c.objc; path = CMArbiter.m; sourceTree = "<group>"; };
		EE818ACB18BCEB9F00D1E99D /* CMBaseObject.h */ = {isa = PBXFileReference; fileEncoding = 4; lastKnownFileType = sourcecode.c.h; path = CMBaseObject.h; sourceTree = "<group>"; };
		EE818ACC18BCEB9F00D1E99D /* CMBaseObject.m */ = {isa = PBXFileReference; fileEncoding = 4; lastKnownFileType = sourcecode.c.objc; path = CMBaseObject.m; sourceTree = "<group>"; };
		EE818ACD18BCEB9F00D1E99D /* CMBody.h */ = {isa = PBXFileReference; fileEncoding = 4; lastKnownFileType = sourcecode.c.h; path = CMBody.h; sourceTree = "<group>"; };
		EE818ACE18BCEB9F00D1E99D /* CMBody.m */ = {isa = PBXFileReference; fileEncoding = 4; lastKnownFileType = sourcecode.c.objc; path = CMBody.m; sourceTree = "<group>"; };
		EE818ACF18BCEB9F00D1E99D /* CMObject.h */ = {isa = PBXFileReference; fileEncoding = 4; lastKnownFileType = sourcecode.c.h; path = CMObject.h; sourceTree = "<group>"; };
		EE818AD018BCEB9F00D1E99D /* CMObject.m */ = {isa = PBXFileReference; fileEncoding = 4; lastKnownFileType = sourcecode.c.objc; path = CMObject.m; sourceTree = "<group>"; };
		EE818AD118BCEB9F00D1E99D /* CMSpace.h */ = {isa = PBXFileReference; fileEncoding = 4; lastKnownFileType = sourcecode.c.h; path = CMSpace.h; sourceTree = "<group>"; };
		EE818AD218BCEB9F00D1E99D /* CMSpace.m */ = {isa = PBXFileReference; fileEncoding = 4; lastKnownFileType = sourcecode.c.objc; path = CMSpace.m; sourceTree = "<group>"; };
		EE818AD418BCEB9F00D1E99D /* CMConstraint.h */ = {isa = PBXFileReference; fileEncoding = 4; lastKnownFileType = sourcecode.c.h; path = CMConstraint.h; sourceTree = "<group>"; };
		EE818AD518BCEB9F00D1E99D /* CMConstraint.m */ = {isa = PBXFileReference; fileEncoding = 4; lastKnownFileType = sourcecode.c.objc; path = CMConstraint.m; sourceTree = "<group>"; };
		EE818AD618BCEB9F00D1E99D /* CMDampedRotarySpring.h */ = {isa = PBXFileReference; fileEncoding = 4; lastKnownFileType = sourcecode.c.h; path = CMDampedRotarySpring.h; sourceTree = "<group>"; };
		EE818AD718BCEB9F00D1E99D /* CMDampedRotarySpring.m */ = {isa = PBXFileReference; fileEncoding = 4; lastKnownFileType = sourcecode.c.objc; path = CMDampedRotarySpring.m; sourceTree = "<group>"; };
		EE818AD818BCEB9F00D1E99D /* CMDampedSpring.h */ = {isa = PBXFileReference; fileEncoding = 4; lastKnownFileType = sourcecode.c.h; path = CMDampedSpring.h; sourceTree = "<group>"; };
		EE818AD918BCEB9F00D1E99D /* CMDampedSpring.m */ = {isa = PBXFileReference; fileEncoding = 4; lastKnownFileType = sourcecode.c.objc; path = CMDampedSpring.m; sourceTree = "<group>"; };
		EE818ADA18BCEB9F00D1E99D /* CMGearJoint.h */ = {isa = PBXFileReference; fileEncoding = 4; lastKnownFileType = sourcecode.c.h; path = CMGearJoint.h; sourceTree = "<group>"; };
		EE818ADB18BCEB9F00D1E99D /* CMGearJoint.m */ = {isa = PBXFileReference; fileEncoding = 4; lastKnownFileType = sourcecode.c.objc; path = CMGearJoint.m; sourceTree = "<group>"; };
		EE818ADC18BCEB9F00D1E99D /* CMGrooveJoint.h */ = {isa = PBXFileReference; fileEncoding = 4; lastKnownFileType = sourcecode.c.h; path = CMGrooveJoint.h; sourceTree = "<group>"; };
		EE818ADD18BCEB9F00D1E99D /* CMGrooveJoint.m */ = {isa = PBXFileReference; fileEncoding = 4; lastKnownFileType = sourcecode.c.objc; path = CMGrooveJoint.m; sourceTree = "<group>"; };
		EE818ADE18BCEB9F00D1E99D /* CMPinJoint.h */ = {isa = PBXFileReference; fileEncoding = 4; lastKnownFileType = sourcecode.c.h; path = CMPinJoint.h; sourceTree = "<group>"; };
		EE818ADF18BCEB9F00D1E99D /* CMPinJoint.m */ = {isa = PBXFileReference; fileEncoding = 4; lastKnownFileType = sourcecode.c.objc; path = CMPinJoint.m; sourceTree = "<group>"; };
		EE818AE018BCEB9F00D1E99D /* CMPivotJoint.h */ = {isa = PBXFileReference; fileEncoding = 4; lastKnownFileType = sourcecode.c.h; path = CMPivotJoint.h; sourceTree = "<group>"; };
		EE818AE118BCEB9F00D1E99D /* CMPivotJoint.m */ = {isa = PBXFileReference; fileEncoding = 4; lastKnownFileType = sourcecode.c.objc; path = CMPivotJoint.m; sourceTree = "<group>"; };
		EE818AE218BCEB9F00D1E99D /* CMRatchetJoint.h */ = {isa = PBXFileReference; fileEncoding = 4; lastKnownFileType = sourcecode.c.h; path = CMRatchetJoint.h; sourceTree = "<group>"; };
		EE818AE318BCEB9F00D1E99D /* CMRatchetJoint.m */ = {isa = PBXFileReference; fileEncoding = 4; lastKnownFileType = sourcecode.c.objc; path = CMRatchetJoint.m; sourceTree = "<group>"; };
		EE818AE418BCEB9F00D1E99D /* CMRotaryLimitJoint.h */ = {isa = PBXFileReference; fileEncoding = 4; lastKnownFileType = sourcecode.c.h; path = CMRotaryLimitJoint.h; sourceTree = "<group>"; };
		EE818AE518BCEB9F00D1E99D /* CMRotaryLimitJoint.m */ = {isa = PBXFileReference; fileEncoding = 4; lastKnownFileType = sourcecode.c.objc; path = CMRotaryLimitJoint.m; sourceTree = "<group>"; };
		EE818AE618BCEB9F00D1E99D /* CMSimpleMotor.h */ = {isa = PBXFileReference; fileEncoding = 4; lastKnownFileType = sourcecode.c.h; path = CMSimpleMotor.h; sourceTree = "<group>"; };
		EE818AE718BCEB9F00D1E99D /* CMSimpleMotor.m */ = {isa = PBXFileReference; fileEncoding = 4; lastKnownFileType = sourcecode.c.objc; path = CMSimpleMotor.m; sourceTree = "<group>"; };
		EE818AE818BCEB9F00D1E99D /* CMSlideJoint.h */ = {isa = PBXFileReference; fileEncoding = 4; lastKnownFileType = sourcecode.c.h; path = CMSlideJoint.h; sourceTree = "<group>"; };
		EE818AE918BCEB9F00D1E99D /* CMSlideJoint.m */ = {isa = PBXFileReference; fileEncoding = 4; lastKnownFileType = sourcecode.c.objc; path = CMSlideJoint.m; sourceTree = "<group>"; };
		EE818AEB18BCEB9F00D1E99D /* CMNearestPointQueryInfo.h */ = {isa = PBXFileReference; fileEncoding = 4; lastKnownFileType = sourcecode.c.h; path = CMNearestPointQueryInfo.h; sourceTree = "<group>"; };
		EE818AEC18BCEB9F00D1E99D /* CMNearestPointQueryInfo.m */ = {isa = PBXFileReference; fileEncoding = 4; lastKnownFileType = sourcecode.c.objc; path = CMNearestPointQueryInfo.m; sourceTree = "<group>"; };
		EE818AED18BCEB9F00D1E99D /* CMSegmentQueryInfo.h */ = {isa = PBXFileReference; fileEncoding = 4; lastKnownFileType = sourcecode.c.h; path = CMSegmentQueryInfo.h; sourceTree = "<group>"; };
		EE818AEE18BCEB9F00D1E99D /* CMSegmentQueryInfo.m */ = {isa = PBXFileReference; fileEncoding = 4; lastKnownFileType = sourcecode.c.objc; path = CMSegmentQueryInfo.m; sourceTree = "<group>"; };
		EE818AEF18BCEB9F00D1E99D /* CMShapeQueryInfo.h */ = {isa = PBXFileReference; fileEncoding = 4; lastKnownFileType = sourcecode.c.h; path = CMShapeQueryInfo.h; sourceTree = "<group>"; };
		EE818AF018BCEB9F00D1E99D /* CMShapeQueryInfo.m */ = {isa = PBXFileReference; fileEncoding = 4; lastKnownFileType = sourcecode.c.objc; path = CMShapeQueryInfo.m; sourceTree = "<group>"; };
		EE818AF218BCEB9F00D1E99D /* CMBoxShape.h */ = {isa = PBXFileReference; fileEncoding = 4; lastKnownFileType = sourcecode.c.h; path = CMBoxShape.h; sourceTree = "<group>"; };
		EE818AF318BCEB9F00D1E99D /* CMBoxShape.m */ = {isa = PBXFileReference; fileEncoding = 4; lastKnownFileType = sourcecode.c.objc; path = CMBoxShape.m; sourceTree = "<group>"; };
		EE818AF418BCEB9F00D1E99D /* CMCircleShape.h */ = {isa = PBXFileReference; fileEncoding = 4; lastKnownFileType = sourcecode.c.h; path = CMCircleShape.h; sourceTree = "<group>"; };
		EE818AF518BCEB9F00D1E99D /* CMCircleShape.m */ = {isa = PBXFileReference; fileEncoding = 4; lastKnownFileType = sourcecode.c.objc; path = CMCircleShape.m; sourceTree = "<group>"; };
		EE818AF618BCEB9F00D1E99D /* CMShape.h */ = {isa = PBXFileReference; fileEncoding = 4; lastKnownFileType = sourcecode.c.h; path = CMShape.h; sourceTree = "<group>"; };
		EE818AF718BCEB9F00D1E99D /* CMShape.m */ = {isa = PBXFileReference; fileEncoding = 4; lastKnownFileType = sourcecode.c.objc; path = CMShape.m; sourceTree = "<group>"; };
		EE818AF818BCEB9F00D1E99D /* CMWrapper.h */ = {isa = PBXFileReference; fileEncoding = 4; lastKnownFileType = sourcecode.c.h; path = CMWrapper.h; sourceTree = "<group>"; };
		EE818B1118BCEBB000D1E99D /* chipmunk.h */ = {isa = PBXFileReference; fileEncoding = 4; lastKnownFileType = sourcecode.c.h; path = chipmunk.h; sourceTree = "<group>"; };
		EE818B1218BCEBB000D1E99D /* chipmunk_ffi.h */ = {isa = PBXFileReference; fileEncoding = 4; lastKnownFileType = sourcecode.c.h; path = chipmunk_ffi.h; sourceTree = "<group>"; };
		EE818B1318BCEBB000D1E99D /* chipmunk_private.h */ = {isa = PBXFileReference; fileEncoding = 4; lastKnownFileType = sourcecode.c.h; path = chipmunk_private.h; sourceTree = "<group>"; };
		EE818B1418BCEBB000D1E99D /* chipmunk_types.h */ = {isa = PBXFileReference; fileEncoding = 4; lastKnownFileType = sourcecode.c.h; path = chipmunk_types.h; sourceTree = "<group>"; };
		EE818B1518BCEBB000D1E99D /* chipmunk_unsafe.h */ = {isa = PBXFileReference; fileEncoding = 4; lastKnownFileType = sourcecode.c.h; path = chipmunk_unsafe.h; sourceTree = "<group>"; };
		EE818B1618BCEBB000D1E99D /* cpArbiter.h */ = {isa = PBXFileReference; fileEncoding = 4; lastKnownFileType = sourcecode.c.h; path = cpArbiter.h; sourceTree = "<group>"; };
		EE818B1718BCEBB000D1E99D /* cpBB.h */ = {isa = PBXFileReference; fileEncoding = 4; lastKnownFileType = sourcecode.c.h; path = cpBB.h; sourceTree = "<group>"; };
		EE818B1818BCEBB000D1E99D /* cpBody.h */ = {isa = PBXFileReference; fileEncoding = 4; lastKnownFileType = sourcecode.c.h; path = cpBody.h; sourceTree = "<group>"; };
		EE818B1918BCEBB000D1E99D /* cpConstraint.h */ = {isa = PBXFileReference; fileEncoding = 4; lastKnownFileType = sourcecode.c.h; path = cpConstraint.h; sourceTree = "<group>"; };
		EE818B1A18BCEBB000D1E99D /* cpDampedRotarySpring.h */ = {isa = PBXFileReference; fileEncoding = 4; lastKnownFileType = sourcecode.c.h; path = cpDampedRotarySpring.h; sourceTree = "<group>"; };
		EE818B1B18BCEBB000D1E99D /* cpDampedSpring.h */ = {isa = PBXFileReference; fileEncoding = 4; lastKnownFileType = sourcecode.c.h; path = cpDampedSpring.h; sourceTree = "<group>"; };
		EE818B1C18BCEBB000D1E99D /* cpGearJoint.h */ = {isa = PBXFileReference; fileEncoding = 4; lastKnownFileType = sourcecode.c.h; path = cpGearJoint.h; sourceTree = "<group>"; };
		EE818B1D18BCEBB000D1E99D /* cpGrooveJoint.h */ = {isa = PBXFileReference; fileEncoding = 4; lastKnownFileType = sourcecode.c.h; path = cpGrooveJoint.h; sourceTree = "<group>"; };
		EE818B1E18BCEBB000D1E99D /* cpPinJoint.h */ = {isa = PBXFileReference; fileEncoding = 4; lastKnownFileType = sourcecode.c.h; path = cpPinJoint.h; sourceTree = "<group>"; };
		EE818B1F18BCEBB000D1E99D /* cpPivotJoint.h */ = {isa = PBXFileReference; fileEncoding = 4; lastKnownFileType = sourcecode.c.h; path = cpPivotJoint.h; sourceTree = "<group>"; };
		EE818B2018BCEBB000D1E99D /* cpPolyShape.h */ = {isa = PBXFileReference; fileEncoding = 4; lastKnownFileType = sourcecode.c.h; path = cpPolyShape.h; sourceTree = "<group>"; };
		EE818B2118BCEBB000D1E99D /* cpRatchetJoint.h */ = {isa = PBXFileReference; fileEncoding = 4; lastKnownFileType = sourcecode.c.h; path = cpRatchetJoint.h; sourceTree = "<group>"; };
		EE818B2218BCEBB000D1E99D /* cpRotaryLimitJoint.h */ = {isa = PBXFileReference; fileEncoding = 4; lastKnownFileType = sourcecode.c.h; path = cpRotaryLimitJoint.h; sourceTree = "<group>"; };
		EE818B2318BCEBB000D1E99D /* cpShape.h */ = {isa = PBXFileReference; fileEncoding = 4; lastKnownFileType = sourcecode.c.h; path = cpShape.h; sourceTree = "<group>"; };
		EE818B2418BCEBB000D1E99D /* cpSimpleMotor.h */ = {isa = PBXFileReference; fileEncoding = 4; lastKnownFileType = sourcecode.c.h; path = cpSimpleMotor.h; sourceTree = "<group>"; };
		EE818B2518BCEBB000D1E99D /* cpSlideJoint.h */ = {isa = PBXFileReference; fileEncoding = 4; lastKnownFileType = sourcecode.c.h; path = cpSlideJoint.h; sourceTree = "<group>"; };
		EE818B2618BCEBB000D1E99D /* cpSpace.h */ = {isa = PBXFileReference; fileEncoding = 4; lastKnownFileType = sourcecode.c.h; path = cpSpace.h; sourceTree = "<group>"; };
		EE818B2718BCEBB000D1E99D /* cpSpatialIndex.h */ = {isa = PBXFileReference; fileEncoding = 4; lastKnownFileType = sourcecode.c.h; path = cpSpatialIndex.h; sourceTree = "<group>"; };
		EE818B2818BCEBB000D1E99D /* cpVect.h */ = {isa = PBXFileReference; fileEncoding = 4; lastKnownFileType = sourcecode.c.h; path = cpVect.h; sourceTree = "<group>"; };
		EE818B2A18BCEBB000D1E99D /* util.h */ = {isa = PBXFileReference; fileEncoding = 4; lastKnownFileType = sourcecode.c.h; path = util.h; sourceTree = "<group>"; };
		EE88DED818BCC78800BD9090 /* ChipmunkWrapper.app */ = {isa = PBXFileReference; explicitFileType = wrapper.application; includeInIndex = 0; path = ChipmunkWrapper.app; sourceTree = BUILT_PRODUCTS_DIR; };
		EE88DEDB18BCC78800BD9090 /* Foundation.framework */ = {isa = PBXFileReference; lastKnownFileType = wrapper.framework; name = Foundation.framework; path = System/Library/Frameworks/Foundation.framework; sourceTree = SDKROOT; };
		EE88DEDD18BCC78800BD9090 /* CoreGraphics.framework */ = {isa = PBXFileReference; lastKnownFileType = wrapper.framework; name = CoreGraphics.framework; path = System/Library/Frameworks/CoreGraphics.framework; sourceTree = SDKROOT; };
		EE88DEDF18BCC78800BD9090 /* UIKit.framework */ = {isa = PBXFileReference; lastKnownFileType = wrapper.framework; name = UIKit.framework; path = System/Library/Frameworks/UIKit.framework; sourceTree = SDKROOT; };
		EE88DEF318BCC78800BD9090 /* ChipmunkWrapperTests.xctest */ = {isa = PBXFileReference; explicitFileType = wrapper.cfbundle; includeInIndex = 0; path = ChipmunkWrapperTests.xctest; sourceTree = BUILT_PRODUCTS_DIR; };
		EE88DEF418BCC78800BD9090 /* XCTest.framework */ = {isa = PBXFileReference; lastKnownFileType = wrapper.framework; name = XCTest.framework; path = Library/Frameworks/XCTest.framework; sourceTree = DEVELOPER_DIR; };
		EE88DF5C18BCC87A00BD9090 /* README.md */ = {isa = PBXFileReference; fileEncoding = 4; lastKnownFileType = text; path = README.md; sourceTree = "<group>"; };
		EE88DF6118BCC90000BD9090 /* SpriteKit.framework */ = {isa = PBXFileReference; lastKnownFileType = wrapper.framework; name = SpriteKit.framework; path = System/Library/Frameworks/SpriteKit.framework; sourceTree = SDKROOT; };
		EECD92BD18C0B08E00D154D6 /* libChipmunk-iPhone.a */ = {isa = PBXFileReference; lastKnownFileType = archive.ar; path = "libChipmunk-iPhone.a"; sourceTree = "<group>"; };
/* End PBXFileReference section */

/* Begin PBXFrameworksBuildPhase section */
		EE88DED518BCC78800BD9090 /* Frameworks */ = {
			isa = PBXFrameworksBuildPhase;
			buildActionMask = 2147483647;
			files = (
				EE88DF6218BCC90000BD9090 /* SpriteKit.framework in Frameworks */,
				EE88DEDE18BCC78800BD9090 /* CoreGraphics.framework in Frameworks */,
				EE88DEE018BCC78800BD9090 /* UIKit.framework in Frameworks */,
				EE88DEDC18BCC78800BD9090 /* Foundation.framework in Frameworks */,
				EECD92BE18C0B08E00D154D6 /* libChipmunk-iPhone.a in Frameworks */,
			);
			runOnlyForDeploymentPostprocessing = 0;
		};
		EE88DEF018BCC78800BD9090 /* Frameworks */ = {
			isa = PBXFrameworksBuildPhase;
			buildActionMask = 2147483647;
			files = (
				EE88DEF518BCC78800BD9090 /* XCTest.framework in Frameworks */,
				EE88DEF718BCC78800BD9090 /* UIKit.framework in Frameworks */,
				EE88DEF618BCC78800BD9090 /* Foundation.framework in Frameworks */,
			);
			runOnlyForDeploymentPostprocessing = 0;
		};
/* End PBXFrameworksBuildPhase section */

/* Begin PBXGroup section */
		EE8189DC18BCEA7E00D1E99D /* ChipmunkWrapperDemoApp */ = {
			isa = PBXGroup;
			children = (
				EE8189DD18BCEA7E00D1E99D /* ChipmunkWrapper-Info.plist */,
				EE8189DE18BCEA7E00D1E99D /* ChipmunkWrapper-Prefix.pch */,
				EE8189DF18BCEA7E00D1E99D /* CWAppDelegate.h */,
				EE8189E018BCEA7E00D1E99D /* CWAppDelegate.m */,
				EE8189E118BCEA7E00D1E99D /* CWTestScene.h */,
				EE8189E218BCEA7E00D1E99D /* CWTestScene.m */,
				EE8189E318BCEA7E00D1E99D /* CWTestViewController.h */,
				EE8189E418BCEA7E00D1E99D /* CWTestViewController.m */,
				EE8189E518BCEA7E00D1E99D /* Images.xcassets */,
				EE8189E618BCEA7E00D1E99D /* InfoPlist.strings */,
				EE8189E718BCEA7E00D1E99D /* main.m */,
				EE8189E818BCEA7E00D1E99D /* sprite@2x.png */,
			);
			path = ChipmunkWrapperDemoApp;
			sourceTree = "<group>";
		};
		EE818AC318BCEB9F00D1E99D /* Chipmunk-Wrapper */ = {
			isa = PBXGroup;
			children = (
				EE818AC418BCEB9F00D1E99D /* Categories */,
				EE818AC818BCEB9F00D1E99D /* Classes */,
				EE818AF818BCEB9F00D1E99D /* CMWrapper.h */,
			);
			path = "Chipmunk-Wrapper";
			sourceTree = "<group>";
		};
		EE818AC418BCEB9F00D1E99D /* Categories */ = {
			isa = PBXGroup;
			children = (
				EE818AC518BCEB9F00D1E99D /* SpriteKit */,
			);
			path = Categories;
			sourceTree = "<group>";
		};
		EE818AC518BCEB9F00D1E99D /* SpriteKit */ = {
			isa = PBXGroup;
			children = (
				EE818AC618BCEB9F00D1E99D /* CMWrapper+SpriteKit.h */,
				EE818AC718BCEB9F00D1E99D /* CMWrapper+SpriteKit.m */,
			);
			path = SpriteKit;
			sourceTree = "<group>";
		};
		EE818AC818BCEB9F00D1E99D /* Classes */ = {
			isa = PBXGroup;
			children = (
				EE818AC918BCEB9F00D1E99D /* CMArbiter.h */,
				EE818ACA18BCEB9F00D1E99D /* CMArbiter.m */,
				EE818ACB18BCEB9F00D1E99D /* CMBaseObject.h */,
				EE818ACC18BCEB9F00D1E99D /* CMBaseObject.m */,
				EE818ACD18BCEB9F00D1E99D /* CMBody.h */,
				EE818ACE18BCEB9F00D1E99D /* CMBody.m */,
				EE818ACF18BCEB9F00D1E99D /* CMObject.h */,
				EE818AD018BCEB9F00D1E99D /* CMObject.m */,
				EE818AD118BCEB9F00D1E99D /* CMSpace.h */,
				EE818AD218BCEB9F00D1E99D /* CMSpace.m */,
				EE818AD318BCEB9F00D1E99D /* Constraint */,
				EE818AEA18BCEB9F00D1E99D /* Query */,
				EE818AF118BCEB9F00D1E99D /* Shape */,
			);
			path = Classes;
			sourceTree = "<group>";
		};
		EE818AD318BCEB9F00D1E99D /* Constraint */ = {
			isa = PBXGroup;
			children = (
				EE818AD418BCEB9F00D1E99D /* CMConstraint.h */,
				EE818AD518BCEB9F00D1E99D /* CMConstraint.m */,
				EE818AD618BCEB9F00D1E99D /* CMDampedRotarySpring.h */,
				EE818AD718BCEB9F00D1E99D /* CMDampedRotarySpring.m */,
				EE818AD818BCEB9F00D1E99D /* CMDampedSpring.h */,
				EE818AD918BCEB9F00D1E99D /* CMDampedSpring.m */,
				EE818ADA18BCEB9F00D1E99D /* CMGearJoint.h */,
				EE818ADB18BCEB9F00D1E99D /* CMGearJoint.m */,
				EE818ADC18BCEB9F00D1E99D /* CMGrooveJoint.h */,
				EE818ADD18BCEB9F00D1E99D /* CMGrooveJoint.m */,
				EE818ADE18BCEB9F00D1E99D /* CMPinJoint.h */,
				EE818ADF18BCEB9F00D1E99D /* CMPinJoint.m */,
				EE818AE018BCEB9F00D1E99D /* CMPivotJoint.h */,
				EE818AE118BCEB9F00D1E99D /* CMPivotJoint.m */,
				EE818AE218BCEB9F00D1E99D /* CMRatchetJoint.h */,
				EE818AE318BCEB9F00D1E99D /* CMRatchetJoint.m */,
				EE818AE418BCEB9F00D1E99D /* CMRotaryLimitJoint.h */,
				EE818AE518BCEB9F00D1E99D /* CMRotaryLimitJoint.m */,
				EE818AE618BCEB9F00D1E99D /* CMSimpleMotor.h */,
				EE818AE718BCEB9F00D1E99D /* CMSimpleMotor.m */,
				EE818AE818BCEB9F00D1E99D /* CMSlideJoint.h */,
				EE818AE918BCEB9F00D1E99D /* CMSlideJoint.m */,
			);
			path = Constraint;
			sourceTree = "<group>";
		};
		EE818AEA18BCEB9F00D1E99D /* Query */ = {
			isa = PBXGroup;
			children = (
				EE818AEB18BCEB9F00D1E99D /* CMNearestPointQueryInfo.h */,
				EE818AEC18BCEB9F00D1E99D /* CMNearestPointQueryInfo.m */,
				EE818AED18BCEB9F00D1E99D /* CMSegmentQueryInfo.h */,
				EE818AEE18BCEB9F00D1E99D /* CMSegmentQueryInfo.m */,
				EE818AEF18BCEB9F00D1E99D /* CMShapeQueryInfo.h */,
				EE818AF018BCEB9F00D1E99D /* CMShapeQueryInfo.m */,
			);
			path = Query;
			sourceTree = "<group>";
		};
		EE818AF118BCEB9F00D1E99D /* Shape */ = {
			isa = PBXGroup;
			children = (
				EE818AF218BCEB9F00D1E99D /* CMBoxShape.h */,
				EE818AF318BCEB9F00D1E99D /* CMBoxShape.m */,
				EE818AF418BCEB9F00D1E99D /* CMCircleShape.h */,
				EE818AF518BCEB9F00D1E99D /* CMCircleShape.m */,
				EE818AF618BCEB9F00D1E99D /* CMShape.h */,
				EE818AF718BCEB9F00D1E99D /* CMShape.m */,
			);
			path = Shape;
			sourceTree = "<group>";
		};
		EE818B1018BCEBB000D1E99D /* Chipmunk-lib */ = {
			isa = PBXGroup;
			children = (
				EE818B1118BCEBB000D1E99D /* chipmunk.h */,
				EE818B1218BCEBB000D1E99D /* chipmunk_ffi.h */,
				EE818B1318BCEBB000D1E99D /* chipmunk_private.h */,
				EE818B1418BCEBB000D1E99D /* chipmunk_types.h */,
				EE818B1518BCEBB000D1E99D /* chipmunk_unsafe.h */,
				EE818B1618BCEBB000D1E99D /* cpArbiter.h */,
				EE818B1718BCEBB000D1E99D /* cpBB.h */,
				EE818B1818BCEBB000D1E99D /* cpBody.h */,
				EE818B1918BCEBB000D1E99D /* cpConstraint.h */,
				EE818B1A18BCEBB000D1E99D /* cpDampedRotarySpring.h */,
				EE818B1B18BCEBB000D1E99D /* cpDampedSpring.h */,
				EE818B1C18BCEBB000D1E99D /* cpGearJoint.h */,
				EE818B1D18BCEBB000D1E99D /* cpGrooveJoint.h */,
				EE818B1E18BCEBB000D1E99D /* cpPinJoint.h */,
				EE818B1F18BCEBB000D1E99D /* cpPivotJoint.h */,
				EE818B2018BCEBB000D1E99D /* cpPolyShape.h */,
				EE818B2118BCEBB000D1E99D /* cpRatchetJoint.h */,
				EE818B2218BCEBB000D1E99D /* cpRotaryLimitJoint.h */,
				EE818B2318BCEBB000D1E99D /* cpShape.h */,
				EE818B2418BCEBB000D1E99D /* cpSimpleMotor.h */,
				EE818B2518BCEBB000D1E99D /* cpSlideJoint.h */,
				EE818B2618BCEBB000D1E99D /* cpSpace.h */,
				EE818B2718BCEBB000D1E99D /* cpSpatialIndex.h */,
				EE818B2818BCEBB000D1E99D /* cpVect.h */,
				EE818B2A18BCEBB000D1E99D /* util.h */,
				EECD92BD18C0B08E00D154D6 /* libChipmunk-iPhone.a */,
			);
			path = "Chipmunk-lib";
			sourceTree = "<group>";
		};
		EE88DECF18BCC78800BD9090 = {
			isa = PBXGroup;
			children = (
				EE818B1018BCEBB000D1E99D /* Chipmunk-lib */,
				EE818AC318BCEB9F00D1E99D /* Chipmunk-Wrapper */,
				EE8189DC18BCEA7E00D1E99D /* ChipmunkWrapperDemoApp */,
				EE88DEDA18BCC78800BD9090 /* Frameworks */,
				EE88DED918BCC78800BD9090 /* Products */,
				EE88DF5C18BCC87A00BD9090 /* README.md */,
			);
			sourceTree = "<group>";
		};
		EE88DED918BCC78800BD9090 /* Products */ = {
			isa = PBXGroup;
			children = (
				EE88DED818BCC78800BD9090 /* ChipmunkWrapper.app */,
				EE88DEF318BCC78800BD9090 /* ChipmunkWrapperTests.xctest */,
			);
			name = Products;
			sourceTree = "<group>";
		};
		EE88DEDA18BCC78800BD9090 /* Frameworks */ = {
			isa = PBXGroup;
			children = (
				EE88DF6118BCC90000BD9090 /* SpriteKit.framework */,
				EE88DEDB18BCC78800BD9090 /* Foundation.framework */,
				EE88DEDD18BCC78800BD9090 /* CoreGraphics.framework */,
				EE88DEDF18BCC78800BD9090 /* UIKit.framework */,
				EE88DEF418BCC78800BD9090 /* XCTest.framework */,
			);
			name = Frameworks;
			sourceTree = "<group>";
		};
/* End PBXGroup section */

/* Begin PBXNativeTarget section */
		EE88DED718BCC78800BD9090 /* ChipmunkWrapper */ = {
			isa = PBXNativeTarget;
			buildConfigurationList = EE88DF0418BCC78800BD9090 /* Build configuration list for PBXNativeTarget "ChipmunkWrapper" */;
			buildPhases = (
				EE88DED418BCC78800BD9090 /* Sources */,
				EE88DED518BCC78800BD9090 /* Frameworks */,
				EE88DED618BCC78800BD9090 /* Resources */,
			);
			buildRules = (
			);
			dependencies = (
			);
			name = ChipmunkWrapper;
			productName = ChipmunkWrapper;
			productReference = EE88DED818BCC78800BD9090 /* ChipmunkWrapper.app */;
			productType = "com.apple.product-type.application";
		};
		EE88DEF218BCC78800BD9090 /* ChipmunkWrapperTests */ = {
			isa = PBXNativeTarget;
			buildConfigurationList = EE88DF0718BCC78800BD9090 /* Build configuration list for PBXNativeTarget "ChipmunkWrapperTests" */;
			buildPhases = (
				EE88DEEF18BCC78800BD9090 /* Sources */,
				EE88DEF018BCC78800BD9090 /* Frameworks */,
				EE88DEF118BCC78800BD9090 /* Resources */,
			);
			buildRules = (
			);
			dependencies = (
				EE88DEF918BCC78800BD9090 /* PBXTargetDependency */,
			);
			name = ChipmunkWrapperTests;
			productName = ChipmunkWrapperTests;
			productReference = EE88DEF318BCC78800BD9090 /* ChipmunkWrapperTests.xctest */;
			productType = "com.apple.product-type.bundle.unit-test";
		};
/* End PBXNativeTarget section */

/* Begin PBXProject section */
		EE88DED018BCC78800BD9090 /* Project object */ = {
			isa = PBXProject;
			attributes = {
				CLASSPREFIX = CW;
				LastUpgradeCheck = 0500;
				ORGANIZATIONNAME = "Jakub Knejzlik";
				TargetAttributes = {
					EE88DEF218BCC78800BD9090 = {
						TestTargetID = EE88DED718BCC78800BD9090;
					};
				};
			};
			buildConfigurationList = EE88DED318BCC78800BD9090 /* Build configuration list for PBXProject "ChipmunkWrapper" */;
			compatibilityVersion = "Xcode 3.2";
			developmentRegion = English;
			hasScannedForEncodings = 0;
			knownRegions = (
				en,
			);
			mainGroup = EE88DECF18BCC78800BD9090;
			productRefGroup = EE88DED918BCC78800BD9090 /* Products */;
			projectDirPath = "";
			projectRoot = "";
			targets = (
				EE88DED718BCC78800BD9090 /* ChipmunkWrapper */,
				EE88DEF218BCC78800BD9090 /* ChipmunkWrapperTests */,
			);
		};
/* End PBXProject section */

/* Begin PBXResourcesBuildPhase section */
		EE88DED618BCC78800BD9090 /* Resources */ = {
			isa = PBXResourcesBuildPhase;
			buildActionMask = 2147483647;
			files = (
				EE8189F018BCEA7E00D1E99D /* sprite@2x.png in Resources */,
				EE8189EE18BCEA7E00D1E99D /* InfoPlist.strings in Resources */,
				EE8189ED18BCEA7E00D1E99D /* Images.xcassets in Resources */,
			);
			runOnlyForDeploymentPostprocessing = 0;
		};
		EE88DEF118BCC78800BD9090 /* Resources */ = {
			isa = PBXResourcesBuildPhase;
			buildActionMask = 2147483647;
			files = (
			);
			runOnlyForDeploymentPostprocessing = 0;
		};
/* End PBXResourcesBuildPhase section */

/* Begin PBXSourcesBuildPhase section */
		EE88DED418BCC78800BD9090 /* Sources */ = {
			isa = PBXSourcesBuildPhase;
			buildActionMask = 2147483647;
			files = (
				EE818B0118BCEB9F00D1E99D /* CMDampedSpring.m in Sources */,
				EE818B0018BCEB9F00D1E99D /* CMDampedRotarySpring.m in Sources */,
				EE818B0418BCEB9F00D1E99D /* CMPinJoint.m in Sources */,
				EE818B0718BCEB9F00D1E99D /* CMRotaryLimitJoint.m in Sources */,
				EE818B0D18BCEB9F00D1E99D /* CMBoxShape.m in Sources */,
				EE818B0318BCEB9F00D1E99D /* CMGrooveJoint.m in Sources */,
				EE818AFD18BCEB9F00D1E99D /* CMObject.m in Sources */,
				EE818B0B18BCEB9F00D1E99D /* CMSegmentQueryInfo.m in Sources */,
				EE818B0A18BCEB9F00D1E99D /* CMNearestPointQueryInfo.m in Sources */,
				EE818B0C18BCEB9F00D1E99D /* CMShapeQueryInfo.m in Sources */,
				EE818B0218BCEB9F00D1E99D /* CMGearJoint.m in Sources */,
				EE818AFB18BCEB9F00D1E99D /* CMBaseObject.m in Sources */,
				EE818AFC18BCEB9F00D1E99D /* CMBody.m in Sources */,
				EE818B0818BCEB9F00D1E99D /* CMSimpleMotor.m in Sources */,
				EE818B0F18BCEB9F00D1E99D /* CMShape.m in Sources */,
				EE8189EC18BCEA7E00D1E99D /* CWTestViewController.m in Sources */,
				EE8189EF18BCEA7E00D1E99D /* main.m in Sources */,
				EE818AF918BCEB9F00D1E99D /* CMWrapper+SpriteKit.m in Sources */,
				EE818B0518BCEB9F00D1E99D /* CMPivotJoint.m in Sources */,
				EE818AFF18BCEB9F00D1E99D /* CMConstraint.m in Sources */,
				EE818B0E18BCEB9F00D1E99D /* CMCircleShape.m in Sources */,
				EE8189EA18BCEA7E00D1E99D /* CWAppDelegate.m in Sources */,
				EE8189EB18BCEA7E00D1E99D /* CWTestScene.m in Sources */,
				EE818B0918BCEB9F00D1E99D /* CMSlideJoint.m in Sources */,
				EE818AFE18BCEB9F00D1E99D /* CMSpace.m in Sources */,
				EE818B0618BCEB9F00D1E99D /* CMRatchetJoint.m in Sources */,
				EE818AFA18BCEB9F00D1E99D /* CMArbiter.m in Sources */,
			);
			runOnlyForDeploymentPostprocessing = 0;
		};
		EE88DEEF18BCC78800BD9090 /* Sources */ = {
			isa = PBXSourcesBuildPhase;
			buildActionMask = 2147483647;
			files = (
			);
			runOnlyForDeploymentPostprocessing = 0;
		};
/* End PBXSourcesBuildPhase section */

/* Begin PBXTargetDependency section */
		EE88DEF918BCC78800BD9090 /* PBXTargetDependency */ = {
			isa = PBXTargetDependency;
			target = EE88DED718BCC78800BD9090 /* ChipmunkWrapper */;
			targetProxy = EE88DEF818BCC78800BD9090 /* PBXContainerItemProxy */;
		};
/* End PBXTargetDependency section */

/* Begin XCBuildConfiguration section */
		EE88DF0218BCC78800BD9090 /* Debug */ = {
			isa = XCBuildConfiguration;
			buildSettings = {
				ALWAYS_SEARCH_USER_PATHS = NO;
				ARCHS = "$(ARCHS_STANDARD_INCLUDING_64_BIT)";
				CLANG_CXX_LANGUAGE_STANDARD = "gnu++0x";
				CLANG_CXX_LIBRARY = "libc++";
				CLANG_ENABLE_MODULES = YES;
				CLANG_ENABLE_OBJC_ARC = YES;
				CLANG_WARN_BOOL_CONVERSION = YES;
				CLANG_WARN_CONSTANT_CONVERSION = YES;
				CLANG_WARN_DIRECT_OBJC_ISA_USAGE = YES_ERROR;
				CLANG_WARN_EMPTY_BODY = YES;
				CLANG_WARN_ENUM_CONVERSION = YES;
				CLANG_WARN_INT_CONVERSION = YES;
				CLANG_WARN_OBJC_ROOT_CLASS = YES_ERROR;
				CLANG_WARN__DUPLICATE_METHOD_MATCH = YES;
				"CODE_SIGN_IDENTITY[sdk=iphoneos*]" = "iPhone Developer";
				COPY_PHASE_STRIP = NO;
				GCC_C_LANGUAGE_STANDARD = gnu99;
				GCC_DYNAMIC_NO_PIC = NO;
				GCC_OPTIMIZATION_LEVEL = 0;
				GCC_PREPROCESSOR_DEFINITIONS = (
					"DEBUG=1",
					"$(inherited)",
				);
				GCC_SYMBOLS_PRIVATE_EXTERN = NO;
				GCC_WARN_64_TO_32_BIT_CONVERSION = YES;
				GCC_WARN_ABOUT_RETURN_TYPE = YES_ERROR;
				GCC_WARN_UNDECLARED_SELECTOR = YES;
				GCC_WARN_UNINITIALIZED_AUTOS = YES;
				GCC_WARN_UNUSED_FUNCTION = YES;
				GCC_WARN_UNUSED_VARIABLE = YES;
				IPHONEOS_DEPLOYMENT_TARGET = 7.0;
				ONLY_ACTIVE_ARCH = YES;
				SDKROOT = iphoneos;
			};
			name = Debug;
		};
		EE88DF0318BCC78800BD9090 /* Release */ = {
			isa = XCBuildConfiguration;
			buildSettings = {
				ALWAYS_SEARCH_USER_PATHS = NO;
				ARCHS = "$(ARCHS_STANDARD_INCLUDING_64_BIT)";
				CLANG_CXX_LANGUAGE_STANDARD = "gnu++0x";
				CLANG_CXX_LIBRARY = "libc++";
				CLANG_ENABLE_MODULES = YES;
				CLANG_ENABLE_OBJC_ARC = YES;
				CLANG_WARN_BOOL_CONVERSION = YES;
				CLANG_WARN_CONSTANT_CONVERSION = YES;
				CLANG_WARN_DIRECT_OBJC_ISA_USAGE = YES_ERROR;
				CLANG_WARN_EMPTY_BODY = YES;
				CLANG_WARN_ENUM_CONVERSION = YES;
				CLANG_WARN_INT_CONVERSION = YES;
				CLANG_WARN_OBJC_ROOT_CLASS = YES_ERROR;
				CLANG_WARN__DUPLICATE_METHOD_MATCH = YES;
				"CODE_SIGN_IDENTITY[sdk=iphoneos*]" = "iPhone Developer";
				COPY_PHASE_STRIP = YES;
				ENABLE_NS_ASSERTIONS = NO;
				GCC_C_LANGUAGE_STANDARD = gnu99;
				GCC_WARN_64_TO_32_BIT_CONVERSION = YES;
				GCC_WARN_ABOUT_RETURN_TYPE = YES_ERROR;
				GCC_WARN_UNDECLARED_SELECTOR = YES;
				GCC_WARN_UNINITIALIZED_AUTOS = YES;
				GCC_WARN_UNUSED_FUNCTION = YES;
				GCC_WARN_UNUSED_VARIABLE = YES;
				IPHONEOS_DEPLOYMENT_TARGET = 7.0;
				SDKROOT = iphoneos;
				VALIDATE_PRODUCT = YES;
			};
			name = Release;
		};
		EE88DF0518BCC78800BD9090 /* Debug */ = {
			isa = XCBuildConfiguration;
			buildSettings = {
				ASSETCATALOG_COMPILER_APPICON_NAME = AppIcon;
				ASSETCATALOG_COMPILER_LAUNCHIMAGE_NAME = LaunchImage;
				GCC_PRECOMPILE_PREFIX_HEADER = YES;
				GCC_PREFIX_HEADER = "ChipmunkWrapperDemoApp/ChipmunkWrapper-Prefix.pch";
				INFOPLIST_FILE = "ChipmunkWrapperDemoApp/ChipmunkWrapper-Info.plist";
				LIBRARY_SEARCH_PATHS = (
					"$(inherited)",
					"$(SRCROOT)/chipmunk",
					"/Users/jakubknejzlik/Desktop/chipmunk-wrapper/Chipmunk-lib",
				);
				PRODUCT_NAME = "$(TARGET_NAME)";
				WRAPPER_EXTENSION = app;
			};
			name = Debug;
		};
		EE88DF0618BCC78800BD9090 /* Release */ = {
			isa = XCBuildConfiguration;
			buildSettings = {
				ASSETCATALOG_COMPILER_APPICON_NAME = AppIcon;
				ASSETCATALOG_COMPILER_LAUNCHIMAGE_NAME = LaunchImage;
				GCC_PRECOMPILE_PREFIX_HEADER = YES;
				GCC_PREFIX_HEADER = "ChipmunkWrapperDemoApp/ChipmunkWrapper-Prefix.pch";
				INFOPLIST_FILE = "ChipmunkWrapperDemoApp/ChipmunkWrapper-Info.plist";
				LIBRARY_SEARCH_PATHS = (
					"$(inherited)",
					"$(SRCROOT)/chipmunk",
					"/Users/jakubknejzlik/Desktop/chipmunk-wrapper/Chipmunk-lib",
				);
				PRODUCT_NAME = "$(TARGET_NAME)";
				WRAPPER_EXTENSION = app;
			};
			name = Release;
		};
		EE88DF0818BCC78800BD9090 /* Debug */ = {
			isa = XCBuildConfiguration;
			buildSettings = {
				ARCHS = "$(ARCHS_STANDARD_INCLUDING_64_BIT)";
				BUNDLE_LOADER = "$(BUILT_PRODUCTS_DIR)/ChipmunkWrapper.app/ChipmunkWrapper";
				FRAMEWORK_SEARCH_PATHS = (
					"$(SDKROOT)/Developer/Library/Frameworks",
					"$(inherited)",
					"$(DEVELOPER_FRAMEWORKS_DIR)",
				);
				GCC_PRECOMPILE_PREFIX_HEADER = YES;
				GCC_PREFIX_HEADER = "ChipmunkWrapper/ChipmunkWrapper-Prefix.pch";
				GCC_PREPROCESSOR_DEFINITIONS = (
					"DEBUG=1",
					"$(inherited)",
				);
				INFOPLIST_FILE = "ChipmunkWrapperTests/ChipmunkWrapperTests-Info.plist";
				PRODUCT_NAME = "$(TARGET_NAME)";
				TEST_HOST = "$(BUNDLE_LOADER)";
				WRAPPER_EXTENSION = xctest;
			};
			name = Debug;
		};
		EE88DF0918BCC78800BD9090 /* Release */ = {
			isa = XCBuildConfiguration;
			buildSettings = {
				ARCHS = "$(ARCHS_STANDARD_INCLUDING_64_BIT)";
				BUNDLE_LOADER = "$(BUILT_PRODUCTS_DIR)/ChipmunkWrapper.app/ChipmunkWrapper";
				FRAMEWORK_SEARCH_PATHS = (
					"$(SDKROOT)/Developer/Library/Frameworks",
					"$(inherited)",
					"$(DEVELOPER_FRAMEWORKS_DIR)",
				);
				GCC_PRECOMPILE_PREFIX_HEADER = YES;
				GCC_PREFIX_HEADER = "ChipmunkWrapper/ChipmunkWrapper-Prefix.pch";
				INFOPLIST_FILE = "ChipmunkWrapperTests/ChipmunkWrapperTests-Info.plist";
				PRODUCT_NAME = "$(TARGET_NAME)";
				TEST_HOST = "$(BUNDLE_LOADER)";
				WRAPPER_EXTENSION = xctest;
			};
			name = Release;
		};
/* End XCBuildConfiguration section */

/* Begin XCConfigurationList section */
		EE88DED318BCC78800BD9090 /* Build configuration list for PBXProject "ChipmunkWrapper" */ = {
			isa = XCConfigurationList;
			buildConfigurations = (
				EE88DF0218BCC78800BD9090 /* Debug */,
				EE88DF0318BCC78800BD9090 /* Release */,
			);
			defaultConfigurationIsVisible = 0;
			defaultConfigurationName = Release;
		};
		EE88DF0418BCC78800BD9090 /* Build configuration list for PBXNativeTarget "ChipmunkWrapper" */ = {
			isa = XCConfigurationList;
			buildConfigurations = (
				EE88DF0518BCC78800BD9090 /* Debug */,
				EE88DF0618BCC78800BD9090 /* Release */,
			);
			defaultConfigurationIsVisible = 0;
			defaultConfigurationName = Release;
		};
		EE88DF0718BCC78800BD9090 /* Build configuration list for PBXNativeTarget "ChipmunkWrapperTests" */ = {
			isa = XCConfigurationList;
			buildConfigurations = (
				EE88DF0818BCC78800BD9090 /* Debug */,
				EE88DF0918BCC78800BD9090 /* Release */,
			);
			defaultConfigurationIsVisible = 0;
			defaultConfigurationName = Release;
		};
/* End XCConfigurationList section */
	};
	rootObject = EE88DED018BCC78800BD9090 /* Project object */;
}
